
Microsoft Visual Studio Solution File, Format Version 12.00
# Visual Studio Version 17
VisualStudioVersion = 17.7.34221.43
MinimumVisualStudioVersion = 10.0.40219.1
Project("{FAE04EC0-301F-11D3-BF4B-00C04F79EFBC}") = "GreetingUserAppRefactored", "GreetingUserAppRefactored\GreetingUserAppRefactored.csproj", "{ABC67EEA-7173-4825-A60F-F82F88DC6180}"
EndProject
Global
	GlobalSection(SolutionConfigurationPlatforms) = preSolution
		Debug|Any CPU = Debug|Any CPU
		Release|Any CPU = Release|Any CPU
	EndGlobalSection
	GlobalSection(ProjectConfigurationPlatforms) = postSolution
		{ABC67EEA-7173-4825-A60F-F82F88DC6180}.Debug|Any CPU.ActiveCfg = Debug|Any CPU
		{ABC67EEA-7173-4825-A60F-F82F88DC6180}.Debug|Any CPU.Build.0 = Debug|Any CPU
		{ABC67EEA-7173-4825-A60F-F82F88DC6180}.Release|Any CPU.ActiveCfg = Release|Any CPU
		{ABC67EEA-7173-4825-A60F-F82F88DC6180}.Release|Any CPU.Build.0 = Release|Any CPU
	EndGlobalSection
	GlobalSection(SolutionProperties) = preSolution
		HideSolutionNode = FALSE
	EndGlobalSection
	GlobalSection(ExtensibilityGlobals) = postSolution
		SolutionGuid = {C606A586-40C4-49B6-9AD0-800D2EC26681}
	EndGlobalSection
EndGlobal
